// !$*UTF8*$!
{
	archiveVersion = 1;
	classes = {
	};
	objectVersion = 55;
	objects = {

/* Begin PBXBuildFile section */
		0C1FDB9129CDB6E300E44560 /* BoxView.swift in Sources */ = {isa = PBXBuildFile; fileRef = 0C1FDB9029CDB6E300E44560 /* BoxView.swift */; };
		0C58CF7F29C087A600AC783B /* DecodingTheWeatherString.swift in Sources */ = {isa = PBXBuildFile; fileRef = 0C58CF7E29C087A600AC783B /* DecodingTheWeatherString.swift */; };
		0C58CF8129C0AFDE00AC783B /* DataBackgraundImage.swift in Sources */ = {isa = PBXBuildFile; fileRef = 0C58CF8029C0AFDE00AC783B /* DataBackgraundImage.swift */; };
		0C58CF8329C0BB3900AC783B /* ThirdViewController.swift in Sources */ = {isa = PBXBuildFile; fileRef = 0C58CF8229C0BB3900AC783B /* ThirdViewController.swift */; };
		0C58CF8529C11C4300AC783B /* LocationViewController.swift in Sources */ = {isa = PBXBuildFile; fileRef = 0C58CF8429C11C4300AC783B /* LocationViewController.swift */; };
		0C5CD88F29BC7B74001383E3 /* IconWithString.swift in Sources */ = {isa = PBXBuildFile; fileRef = 0C5CD88E29BC7B74001383E3 /* IconWithString.swift */; };
		0C5CD89329BC9FC9001383E3 /* secondViewController.swift in Sources */ = {isa = PBXBuildFile; fileRef = 0C5CD89229BC9FC9001383E3 /* secondViewController.swift */; };
		0C5CD89529BCA274001383E3 /* MyPageViewController.swift in Sources */ = {isa = PBXBuildFile; fileRef = 0C5CD89429BCA274001383E3 /* MyPageViewController.swift */; };
		0C909FAC29BA1AF50084A1A1 /* AppDelegate.swift in Sources */ = {isa = PBXBuildFile; fileRef = 0C909FAB29BA1AF50084A1A1 /* AppDelegate.swift */; };
		0C909FAE29BA1AF50084A1A1 /* SceneDelegate.swift in Sources */ = {isa = PBXBuildFile; fileRef = 0C909FAD29BA1AF50084A1A1 /* SceneDelegate.swift */; };
		0C909FB029BA1AF50084A1A1 /* MainViewController.swift in Sources */ = {isa = PBXBuildFile; fileRef = 0C909FAF29BA1AF50084A1A1 /* MainViewController.swift */; };
		0C909FB529BA1AF70084A1A1 /* Assets.xcassets in Resources */ = {isa = PBXBuildFile; fileRef = 0C909FB429BA1AF70084A1A1 /* Assets.xcassets */; };
		0C909FB829BA1AF70084A1A1 /* LaunchScreen.storyboard in Resources */ = {isa = PBXBuildFile; fileRef = 0C909FB629BA1AF70084A1A1 /* LaunchScreen.storyboard */; };
		0C909FC329BA1AF80084A1A1 /* WeatherAppTests.swift in Sources */ = {isa = PBXBuildFile; fileRef = 0C909FC229BA1AF80084A1A1 /* WeatherAppTests.swift */; };
		0C909FCD29BA1AF80084A1A1 /* WeatherAppUITests.swift in Sources */ = {isa = PBXBuildFile; fileRef = 0C909FCC29BA1AF80084A1A1 /* WeatherAppUITests.swift */; };
		0C909FCF29BA1AF80084A1A1 /* WeatherAppUITestsLaunchTests.swift in Sources */ = {isa = PBXBuildFile; fileRef = 0C909FCE29BA1AF80084A1A1 /* WeatherAppUITestsLaunchTests.swift */; };
		0C909FDE29BA2B080084A1A1 /* WeatherData.swift in Sources */ = {isa = PBXBuildFile; fileRef = 0C909FDD29BA2B080084A1A1 /* WeatherData.swift */; };
		295F824400FEE36E16E1DE8C /* Pods_WeatherApp_WeatherAppUITests.framework in Frameworks */ = {isa = PBXBuildFile; fileRef = EF228B1053A0B6DF435DCE3F /* Pods_WeatherApp_WeatherAppUITests.framework */; };
		EC10CE75C7B5DD20DF234983 /* Pods_WeatherAppTests.framework in Frameworks */ = {isa = PBXBuildFile; fileRef = E879C38176B0E2F244B69E23 /* Pods_WeatherAppTests.framework */; };
		F0B6C10336B1D26F193A7117 /* Pods_WeatherApp.framework in Frameworks */ = {isa = PBXBuildFile; fileRef = 6B849563535C7CA7D66F425E /* Pods_WeatherApp.framework */; };
/* End PBXBuildFile section */

/* Begin PBXContainerItemProxy section */
		0C909FBF29BA1AF80084A1A1 /* PBXContainerItemProxy */ = {
			isa = PBXContainerItemProxy;
			containerPortal = 0C909FA029BA1AF50084A1A1 /* Project object */;
			proxyType = 1;
			remoteGlobalIDString = 0C909FA729BA1AF50084A1A1;
			remoteInfo = WeatherApp;
		};
		0C909FC929BA1AF80084A1A1 /* PBXContainerItemProxy */ = {
			isa = PBXContainerItemProxy;
			containerPortal = 0C909FA029BA1AF50084A1A1 /* Project object */;
			proxyType = 1;
			remoteGlobalIDString = 0C909FA729BA1AF50084A1A1;
			remoteInfo = WeatherApp;
		};
/* End PBXContainerItemProxy section */

/* Begin PBXFileReference section */
		0C1FDB9029CDB6E300E44560 /* BoxView.swift */ = {isa = PBXFileReference; lastKnownFileType = sourcecode.swift; path = BoxView.swift; sourceTree = "<group>"; };
		0C58CF7E29C087A600AC783B /* DecodingTheWeatherString.swift */ = {isa = PBXFileReference; lastKnownFileType = sourcecode.swift; path = DecodingTheWeatherString.swift; sourceTree = "<group>"; };
		0C58CF8029C0AFDE00AC783B /* DataBackgraundImage.swift */ = {isa = PBXFileReference; lastKnownFileType = sourcecode.swift; path = DataBackgraundImage.swift; sourceTree = "<group>"; };
		0C58CF8229C0BB3900AC783B /* ThirdViewController.swift */ = {isa = PBXFileReference; lastKnownFileType = sourcecode.swift; path = ThirdViewController.swift; sourceTree = "<group>"; };
		0C58CF8429C11C4300AC783B /* LocationViewController.swift */ = {isa = PBXFileReference; lastKnownFileType = sourcecode.swift; path = LocationViewController.swift; sourceTree = "<group>"; };
		0C5CD88E29BC7B74001383E3 /* IconWithString.swift */ = {isa = PBXFileReference; lastKnownFileType = sourcecode.swift; path = IconWithString.swift; sourceTree = "<group>"; };
		0C5CD89229BC9FC9001383E3 /* secondViewController.swift */ = {isa = PBXFileReference; lastKnownFileType = sourcecode.swift; path = secondViewController.swift; sourceTree = "<group>"; };
		0C5CD89429BCA274001383E3 /* MyPageViewController.swift */ = {isa = PBXFileReference; lastKnownFileType = sourcecode.swift; path = MyPageViewController.swift; sourceTree = "<group>"; };
		0C909FA829BA1AF50084A1A1 /* WeatherApp.app */ = {isa = PBXFileReference; explicitFileType = wrapper.application; includeInIndex = 0; path = WeatherApp.app; sourceTree = BUILT_PRODUCTS_DIR; };
		0C909FAB29BA1AF50084A1A1 /* AppDelegate.swift */ = {isa = PBXFileReference; lastKnownFileType = sourcecode.swift; path = AppDelegate.swift; sourceTree = "<group>"; };
		0C909FAD29BA1AF50084A1A1 /* SceneDelegate.swift */ = {isa = PBXFileReference; lastKnownFileType = sourcecode.swift; path = SceneDelegate.swift; sourceTree = "<group>"; };
		0C909FAF29BA1AF50084A1A1 /* MainViewController.swift */ = {isa = PBXFileReference; lastKnownFileType = sourcecode.swift; path = MainViewController.swift; sourceTree = "<group>"; };
		0C909FB429BA1AF70084A1A1 /* Assets.xcassets */ = {isa = PBXFileReference; lastKnownFileType = folder.assetcatalog; path = Assets.xcassets; sourceTree = "<group>"; };
		0C909FB729BA1AF70084A1A1 /* Base */ = {isa = PBXFileReference; lastKnownFileType = file.storyboard; name = Base; path = Base.lproj/LaunchScreen.storyboard; sourceTree = "<group>"; };
		0C909FB929BA1AF70084A1A1 /* Info.plist */ = {isa = PBXFileReference; lastKnownFileType = text.plist.xml; path = Info.plist; sourceTree = "<group>"; };
		0C909FBE29BA1AF80084A1A1 /* WeatherAppTests.xctest */ = {isa = PBXFileReference; explicitFileType = wrapper.cfbundle; includeInIndex = 0; path = WeatherAppTests.xctest; sourceTree = BUILT_PRODUCTS_DIR; };
		0C909FC229BA1AF80084A1A1 /* WeatherAppTests.swift */ = {isa = PBXFileReference; lastKnownFileType = sourcecode.swift; path = WeatherAppTests.swift; sourceTree = "<group>"; };
		0C909FC829BA1AF80084A1A1 /* WeatherAppUITests.xctest */ = {isa = PBXFileReference; explicitFileType = wrapper.cfbundle; includeInIndex = 0; path = WeatherAppUITests.xctest; sourceTree = BUILT_PRODUCTS_DIR; };
		0C909FCC29BA1AF80084A1A1 /* WeatherAppUITests.swift */ = {isa = PBXFileReference; lastKnownFileType = sourcecode.swift; path = WeatherAppUITests.swift; sourceTree = "<group>"; };
		0C909FCE29BA1AF80084A1A1 /* WeatherAppUITestsLaunchTests.swift */ = {isa = PBXFileReference; lastKnownFileType = sourcecode.swift; path = WeatherAppUITestsLaunchTests.swift; sourceTree = "<group>"; };
		0C909FDD29BA2B080084A1A1 /* WeatherData.swift */ = {isa = PBXFileReference; lastKnownFileType = sourcecode.swift; path = WeatherData.swift; sourceTree = "<group>"; };
		16B5735A622D901FBBFE9BBE /* Pods-WeatherApp-WeatherAppUITests.debug.xcconfig */ = {isa = PBXFileReference; includeInIndex = 1; lastKnownFileType = text.xcconfig; name = "Pods-WeatherApp-WeatherAppUITests.debug.xcconfig"; path = "Target Support Files/Pods-WeatherApp-WeatherAppUITests/Pods-WeatherApp-WeatherAppUITests.debug.xcconfig"; sourceTree = "<group>"; };
		1E763AB2B84874952219531A /* Pods-WeatherApp.release.xcconfig */ = {isa = PBXFileReference; includeInIndex = 1; lastKnownFileType = text.xcconfig; name = "Pods-WeatherApp.release.xcconfig"; path = "Target Support Files/Pods-WeatherApp/Pods-WeatherApp.release.xcconfig"; sourceTree = "<group>"; };
		5EBDCFB571E482EE32D1E958 /* Pods-WeatherApp.debug.xcconfig */ = {isa = PBXFileReference; includeInIndex = 1; lastKnownFileType = text.xcconfig; name = "Pods-WeatherApp.debug.xcconfig"; path = "Target Support Files/Pods-WeatherApp/Pods-WeatherApp.debug.xcconfig"; sourceTree = "<group>"; };
		6989A2814A936B562D54759D /* Pods-WeatherAppTests.debug.xcconfig */ = {isa = PBXFileReference; includeInIndex = 1; lastKnownFileType = text.xcconfig; name = "Pods-WeatherAppTests.debug.xcconfig"; path = "Target Support Files/Pods-WeatherAppTests/Pods-WeatherAppTests.debug.xcconfig"; sourceTree = "<group>"; };
		6B849563535C7CA7D66F425E /* Pods_WeatherApp.framework */ = {isa = PBXFileReference; explicitFileType = wrapper.framework; includeInIndex = 0; path = Pods_WeatherApp.framework; sourceTree = BUILT_PRODUCTS_DIR; };
		74FA6CEA13022DE84CFCAA81 /* Pods-WeatherApp-WeatherAppUITests.release.xcconfig */ = {isa = PBXFileReference; includeInIndex = 1; lastKnownFileType = text.xcconfig; name = "Pods-WeatherApp-WeatherAppUITests.release.xcconfig"; path = "Target Support Files/Pods-WeatherApp-WeatherAppUITests/Pods-WeatherApp-WeatherAppUITests.release.xcconfig"; sourceTree = "<group>"; };
		CE90711A9ABC6308CD0BE9B4 /* Pods-WeatherAppTests.release.xcconfig */ = {isa = PBXFileReference; includeInIndex = 1; lastKnownFileType = text.xcconfig; name = "Pods-WeatherAppTests.release.xcconfig"; path = "Target Support Files/Pods-WeatherAppTests/Pods-WeatherAppTests.release.xcconfig"; sourceTree = "<group>"; };
		E879C38176B0E2F244B69E23 /* Pods_WeatherAppTests.framework */ = {isa = PBXFileReference; explicitFileType = wrapper.framework; includeInIndex = 0; path = Pods_WeatherAppTests.framework; sourceTree = BUILT_PRODUCTS_DIR; };
		EF228B1053A0B6DF435DCE3F /* Pods_WeatherApp_WeatherAppUITests.framework */ = {isa = PBXFileReference; explicitFileType = wrapper.framework; includeInIndex = 0; path = Pods_WeatherApp_WeatherAppUITests.framework; sourceTree = BUILT_PRODUCTS_DIR; };
/* End PBXFileReference section */

/* Begin PBXFrameworksBuildPhase section */
		0C909FA529BA1AF50084A1A1 /* Frameworks */ = {
			isa = PBXFrameworksBuildPhase;
			buildActionMask = 2147483647;
			files = (
				F0B6C10336B1D26F193A7117 /* Pods_WeatherApp.framework in Frameworks */,
			);
			runOnlyForDeploymentPostprocessing = 0;
		};
		0C909FBB29BA1AF80084A1A1 /* Frameworks */ = {
			isa = PBXFrameworksBuildPhase;
			buildActionMask = 2147483647;
			files = (
				EC10CE75C7B5DD20DF234983 /* Pods_WeatherAppTests.framework in Frameworks */,
			);
			runOnlyForDeploymentPostprocessing = 0;
		};
		0C909FC529BA1AF80084A1A1 /* Frameworks */ = {
			isa = PBXFrameworksBuildPhase;
			buildActionMask = 2147483647;
			files = (
				295F824400FEE36E16E1DE8C /* Pods_WeatherApp_WeatherAppUITests.framework in Frameworks */,
			);
			runOnlyForDeploymentPostprocessing = 0;
		};
/* End PBXFrameworksBuildPhase section */

/* Begin PBXGroup section */
		0C5CD88D29BC7B64001383E3 /* Helpers */ = {
			isa = PBXGroup;
			children = (
				0C909FDD29BA2B080084A1A1 /* WeatherData.swift */,
				0C5CD88E29BC7B74001383E3 /* IconWithString.swift */,
				0C58CF7E29C087A600AC783B /* DecodingTheWeatherString.swift */,
				0C58CF8029C0AFDE00AC783B /* DataBackgraundImage.swift */,
			);
			path = Helpers;
			sourceTree = "<group>";
		};
		0C909F9F29BA1AF50084A1A1 = {
			isa = PBXGroup;
			children = (
				0C909FAA29BA1AF50084A1A1 /* WeatherApp */,
				0C909FC129BA1AF80084A1A1 /* WeatherAppTests */,
				0C909FCB29BA1AF80084A1A1 /* WeatherAppUITests */,
				0C909FA929BA1AF50084A1A1 /* Products */,
				1CC2D62CCC55643A104BFA10 /* Pods */,
				16FCB0805C8BCA5677D117F8 /* Frameworks */,
			);
			sourceTree = "<group>";
		};
		0C909FA929BA1AF50084A1A1 /* Products */ = {
			isa = PBXGroup;
			children = (
				0C909FA829BA1AF50084A1A1 /* WeatherApp.app */,
				0C909FBE29BA1AF80084A1A1 /* WeatherAppTests.xctest */,
				0C909FC829BA1AF80084A1A1 /* WeatherAppUITests.xctest */,
			);
			name = Products;
			sourceTree = "<group>";
		};
		0C909FAA29BA1AF50084A1A1 /* WeatherApp */ = {
			isa = PBXGroup;
			children = (
				0C909FDC29BA1C1A0084A1A1 /* Application */,
				0CFA525329D0B38C003CF6E8 /*  Controllers */,
				0C5CD88D29BC7B64001383E3 /* Helpers */,
				0CFA525229CF8540003CF6E8 /* View */,
				0C909FDB29BA1BC20084A1A1 /* Resources */,
			);
			path = WeatherApp;
			sourceTree = "<group>";
		};
		0C909FC129BA1AF80084A1A1 /* WeatherAppTests */ = {
			isa = PBXGroup;
			children = (
				0C909FC229BA1AF80084A1A1 /* WeatherAppTests.swift */,
			);
			path = WeatherAppTests;
			sourceTree = "<group>";
		};
		0C909FCB29BA1AF80084A1A1 /* WeatherAppUITests */ = {
			isa = PBXGroup;
			children = (
				0C909FCC29BA1AF80084A1A1 /* WeatherAppUITests.swift */,
				0C909FCE29BA1AF80084A1A1 /* WeatherAppUITestsLaunchTests.swift */,
			);
			path = WeatherAppUITests;
			sourceTree = "<group>";
		};
		0C909FDB29BA1BC20084A1A1 /* Resources */ = {
			isa = PBXGroup;
			children = (
				0C909FB429BA1AF70084A1A1 /* Assets.xcassets */,
				0C909FB629BA1AF70084A1A1 /* LaunchScreen.storyboard */,
				0C909FB929BA1AF70084A1A1 /* Info.plist */,
			);
			path = Resources;
			sourceTree = "<group>";
		};
		0C909FDC29BA1C1A0084A1A1 /* Application */ = {
			isa = PBXGroup;
			children = (
				0C909FAB29BA1AF50084A1A1 /* AppDelegate.swift */,
				0C909FAD29BA1AF50084A1A1 /* SceneDelegate.swift */,
			);
			path = Application;
			sourceTree = "<group>";
		};
		0CFA525229CF8540003CF6E8 /* View */ = {
			isa = PBXGroup;
			children = (
				0C1FDB9029CDB6E300E44560 /* BoxView.swift */,
			);
			path = View;
			sourceTree = "<group>";
		};
		0CFA525329D0B38C003CF6E8 /*  Controllers */ = {
			isa = PBXGroup;
			children = (
				0C58CF8429C11C4300AC783B /* LocationViewController.swift */,
				0C909FAF29BA1AF50084A1A1 /* MainViewController.swift */,
				0C5CD89229BC9FC9001383E3 /* secondViewController.swift */,
				0C58CF8229C0BB3900AC783B /* ThirdViewController.swift */,
				0C5CD89429BCA274001383E3 /* MyPageViewController.swift */,
			);
			path = " Controllers";
			sourceTree = "<group>";
		};
		16FCB0805C8BCA5677D117F8 /* Frameworks */ = {
			isa = PBXGroup;
			children = (
				6B849563535C7CA7D66F425E /* Pods_WeatherApp.framework */,
				EF228B1053A0B6DF435DCE3F /* Pods_WeatherApp_WeatherAppUITests.framework */,
				E879C38176B0E2F244B69E23 /* Pods_WeatherAppTests.framework */,
			);
			name = Frameworks;
			sourceTree = "<group>";
		};
		1CC2D62CCC55643A104BFA10 /* Pods */ = {
			isa = PBXGroup;
			children = (
				5EBDCFB571E482EE32D1E958 /* Pods-WeatherApp.debug.xcconfig */,
				1E763AB2B84874952219531A /* Pods-WeatherApp.release.xcconfig */,
				16B5735A622D901FBBFE9BBE /* Pods-WeatherApp-WeatherAppUITests.debug.xcconfig */,
				74FA6CEA13022DE84CFCAA81 /* Pods-WeatherApp-WeatherAppUITests.release.xcconfig */,
				6989A2814A936B562D54759D /* Pods-WeatherAppTests.debug.xcconfig */,
				CE90711A9ABC6308CD0BE9B4 /* Pods-WeatherAppTests.release.xcconfig */,
			);
			path = Pods;
			sourceTree = "<group>";
		};
/* End PBXGroup section */

/* Begin PBXNativeTarget section */
		0C909FA729BA1AF50084A1A1 /* WeatherApp */ = {
			isa = PBXNativeTarget;
			buildConfigurationList = 0C909FD229BA1AF80084A1A1 /* Build configuration list for PBXNativeTarget "WeatherApp" */;
			buildPhases = (
				A24468EB5C882ED44E5C60ED /* [CP] Check Pods Manifest.lock */,
				0C909FA429BA1AF50084A1A1 /* Sources */,
				0C909FA529BA1AF50084A1A1 /* Frameworks */,
				0C909FA629BA1AF50084A1A1 /* Resources */,
				7DA4804436C8BDA1FB749C1B /* [CP] Embed Pods Frameworks */,
			);
			buildRules = (
			);
			dependencies = (
			);
			name = WeatherApp;
			productName = WeatherApp;
			productReference = 0C909FA829BA1AF50084A1A1 /* WeatherApp.app */;
			productType = "com.apple.product-type.application";
		};
		0C909FBD29BA1AF80084A1A1 /* WeatherAppTests */ = {
			isa = PBXNativeTarget;
			buildConfigurationList = 0C909FD529BA1AF80084A1A1 /* Build configuration list for PBXNativeTarget "WeatherAppTests" */;
			buildPhases = (
				946CC16F1A5F560F2E917CB9 /* [CP] Check Pods Manifest.lock */,
				0C909FBA29BA1AF80084A1A1 /* Sources */,
				0C909FBB29BA1AF80084A1A1 /* Frameworks */,
				0C909FBC29BA1AF80084A1A1 /* Resources */,
			);
			buildRules = (
			);
			dependencies = (
				0C909FC029BA1AF80084A1A1 /* PBXTargetDependency */,
			);
			name = WeatherAppTests;
			productName = WeatherAppTests;
			productReference = 0C909FBE29BA1AF80084A1A1 /* WeatherAppTests.xctest */;
			productType = "com.apple.product-type.bundle.unit-test";
		};
		0C909FC729BA1AF80084A1A1 /* WeatherAppUITests */ = {
			isa = PBXNativeTarget;
			buildConfigurationList = 0C909FD829BA1AF80084A1A1 /* Build configuration list for PBXNativeTarget "WeatherAppUITests" */;
			buildPhases = (
				8D0848601A99F5E7AB03C097 /* [CP] Check Pods Manifest.lock */,
				0C909FC429BA1AF80084A1A1 /* Sources */,
				0C909FC529BA1AF80084A1A1 /* Frameworks */,
				0C909FC629BA1AF80084A1A1 /* Resources */,
				26F6925B0C06392FBDA837A5 /* [CP] Embed Pods Frameworks */,
			);
			buildRules = (
			);
			dependencies = (
				0C909FCA29BA1AF80084A1A1 /* PBXTargetDependency */,
			);
			name = WeatherAppUITests;
			productName = WeatherAppUITests;
			productReference = 0C909FC829BA1AF80084A1A1 /* WeatherAppUITests.xctest */;
			productType = "com.apple.product-type.bundle.ui-testing";
		};
/* End PBXNativeTarget section */

/* Begin PBXProject section */
		0C909FA029BA1AF50084A1A1 /* Project object */ = {
			isa = PBXProject;
			attributes = {
				BuildIndependentTargetsInParallel = 1;
				LastSwiftUpdateCheck = 1400;
				LastUpgradeCheck = 1400;
				TargetAttributes = {
					0C909FA729BA1AF50084A1A1 = {
						CreatedOnToolsVersion = 14.0.1;
					};
					0C909FBD29BA1AF80084A1A1 = {
						CreatedOnToolsVersion = 14.0.1;
						TestTargetID = 0C909FA729BA1AF50084A1A1;
					};
					0C909FC729BA1AF80084A1A1 = {
						CreatedOnToolsVersion = 14.0.1;
						TestTargetID = 0C909FA729BA1AF50084A1A1;
					};
				};
			};
			buildConfigurationList = 0C909FA329BA1AF50084A1A1 /* Build configuration list for PBXProject "WeatherApp" */;
			compatibilityVersion = "Xcode 13.0";
			developmentRegion = en;
			hasScannedForEncodings = 0;
			knownRegions = (
				en,
				Base,
			);
			mainGroup = 0C909F9F29BA1AF50084A1A1;
			productRefGroup = 0C909FA929BA1AF50084A1A1 /* Products */;
			projectDirPath = "";
			projectRoot = "";
			targets = (
				0C909FA729BA1AF50084A1A1 /* WeatherApp */,
				0C909FBD29BA1AF80084A1A1 /* WeatherAppTests */,
				0C909FC729BA1AF80084A1A1 /* WeatherAppUITests */,
			);
		};
/* End PBXProject section */

/* Begin PBXResourcesBuildPhase section */
		0C909FA629BA1AF50084A1A1 /* Resources */ = {
			isa = PBXResourcesBuildPhase;
			buildActionMask = 2147483647;
			files = (
				0C909FB829BA1AF70084A1A1 /* LaunchScreen.storyboard in Resources */,
				0C909FB529BA1AF70084A1A1 /* Assets.xcassets in Resources */,
			);
			runOnlyForDeploymentPostprocessing = 0;
		};
		0C909FBC29BA1AF80084A1A1 /* Resources */ = {
			isa = PBXResourcesBuildPhase;
			buildActionMask = 2147483647;
			files = (
			);
			runOnlyForDeploymentPostprocessing = 0;
		};
		0C909FC629BA1AF80084A1A1 /* Resources */ = {
			isa = PBXResourcesBuildPhase;
			buildActionMask = 2147483647;
			files = (
			);
			runOnlyForDeploymentPostprocessing = 0;
		};
/* End PBXResourcesBuildPhase section */

/* Begin PBXShellScriptBuildPhase section */
		26F6925B0C06392FBDA837A5 /* [CP] Embed Pods Frameworks */ = {
			isa = PBXShellScriptBuildPhase;
			buildActionMask = 2147483647;
			files = (
			);
			inputFileListPaths = (
				"${PODS_ROOT}/Target Support Files/Pods-WeatherApp-WeatherAppUITests/Pods-WeatherApp-WeatherAppUITests-frameworks-${CONFIGURATION}-input-files.xcfilelist",
			);
			name = "[CP] Embed Pods Frameworks";
			outputFileListPaths = (
				"${PODS_ROOT}/Target Support Files/Pods-WeatherApp-WeatherAppUITests/Pods-WeatherApp-WeatherAppUITests-frameworks-${CONFIGURATION}-output-files.xcfilelist",
			);
			runOnlyForDeploymentPostprocessing = 0;
			shellPath = /bin/sh;
			shellScript = "\"${PODS_ROOT}/Target Support Files/Pods-WeatherApp-WeatherAppUITests/Pods-WeatherApp-WeatherAppUITests-frameworks.sh\"\n";
			showEnvVarsInLog = 0;
		};
		7DA4804436C8BDA1FB749C1B /* [CP] Embed Pods Frameworks */ = {
			isa = PBXShellScriptBuildPhase;
			buildActionMask = 2147483647;
			files = (
			);
			inputFileListPaths = (
				"${PODS_ROOT}/Target Support Files/Pods-WeatherApp/Pods-WeatherApp-frameworks-${CONFIGURATION}-input-files.xcfilelist",
			);
			name = "[CP] Embed Pods Frameworks";
			outputFileListPaths = (
				"${PODS_ROOT}/Target Support Files/Pods-WeatherApp/Pods-WeatherApp-frameworks-${CONFIGURATION}-output-files.xcfilelist",
			);
			runOnlyForDeploymentPostprocessing = 0;
			shellPath = /bin/sh;
			shellScript = "\"${PODS_ROOT}/Target Support Files/Pods-WeatherApp/Pods-WeatherApp-frameworks.sh\"\n";
			showEnvVarsInLog = 0;
		};
		8D0848601A99F5E7AB03C097 /* [CP] Check Pods Manifest.lock */ = {
			isa = PBXShellScriptBuildPhase;
			buildActionMask = 2147483647;
			files = (
			);
			inputFileListPaths = (
			);
			inputPaths = (
				"${PODS_PODFILE_DIR_PATH}/Podfile.lock",
				"${PODS_ROOT}/Manifest.lock",
			);
			name = "[CP] Check Pods Manifest.lock";
			outputFileListPaths = (
			);
			outputPaths = (
				"$(DERIVED_FILE_DIR)/Pods-WeatherApp-WeatherAppUITests-checkManifestLockResult.txt",
			);
			runOnlyForDeploymentPostprocessing = 0;
			shellPath = /bin/sh;
			shellScript = "diff \"${PODS_PODFILE_DIR_PATH}/Podfile.lock\" \"${PODS_ROOT}/Manifest.lock\" > /dev/null\nif [ $? != 0 ] ; then\n    # print error to STDERR\n    echo \"error: The sandbox is not in sync with the Podfile.lock. Run 'pod install' or update your CocoaPods installation.\" >&2\n    exit 1\nfi\n# This output is used by Xcode 'outputs' to avoid re-running this script phase.\necho \"SUCCESS\" > \"${SCRIPT_OUTPUT_FILE_0}\"\n";
			showEnvVarsInLog = 0;
		};
		946CC16F1A5F560F2E917CB9 /* [CP] Check Pods Manifest.lock */ = {
			isa = PBXShellScriptBuildPhase;
			buildActionMask = 2147483647;
			files = (
			);
			inputFileListPaths = (
			);
			inputPaths = (
				"${PODS_PODFILE_DIR_PATH}/Podfile.lock",
				"${PODS_ROOT}/Manifest.lock",
			);
			name = "[CP] Check Pods Manifest.lock";
			outputFileListPaths = (
			);
			outputPaths = (
				"$(DERIVED_FILE_DIR)/Pods-WeatherAppTests-checkManifestLockResult.txt",
			);
			runOnlyForDeploymentPostprocessing = 0;
			shellPath = /bin/sh;
			shellScript = "diff \"${PODS_PODFILE_DIR_PATH}/Podfile.lock\" \"${PODS_ROOT}/Manifest.lock\" > /dev/null\nif [ $? != 0 ] ; then\n    # print error to STDERR\n    echo \"error: The sandbox is not in sync with the Podfile.lock. Run 'pod install' or update your CocoaPods installation.\" >&2\n    exit 1\nfi\n# This output is used by Xcode 'outputs' to avoid re-running this script phase.\necho \"SUCCESS\" > \"${SCRIPT_OUTPUT_FILE_0}\"\n";
			showEnvVarsInLog = 0;
		};
		A24468EB5C882ED44E5C60ED /* [CP] Check Pods Manifest.lock */ = {
			isa = PBXShellScriptBuildPhase;
			buildActionMask = 2147483647;
			files = (
			);
			inputFileListPaths = (
			);
			inputPaths = (
				"${PODS_PODFILE_DIR_PATH}/Podfile.lock",
				"${PODS_ROOT}/Manifest.lock",
			);
			name = "[CP] Check Pods Manifest.lock";
			outputFileListPaths = (
			);
			outputPaths = (
				"$(DERIVED_FILE_DIR)/Pods-WeatherApp-checkManifestLockResult.txt",
			);
			runOnlyForDeploymentPostprocessing = 0;
			shellPath = /bin/sh;
			shellScript = "diff \"${PODS_PODFILE_DIR_PATH}/Podfile.lock\" \"${PODS_ROOT}/Manifest.lock\" > /dev/null\nif [ $? != 0 ] ; then\n    # print error to STDERR\n    echo \"error: The sandbox is not in sync with the Podfile.lock. Run 'pod install' or update your CocoaPods installation.\" >&2\n    exit 1\nfi\n# This output is used by Xcode 'outputs' to avoid re-running this script phase.\necho \"SUCCESS\" > \"${SCRIPT_OUTPUT_FILE_0}\"\n";
			showEnvVarsInLog = 0;
		};
/* End PBXShellScriptBuildPhase section */

/* Begin PBXSourcesBuildPhase section */
		0C909FA429BA1AF50084A1A1 /* Sources */ = {
			isa = PBXSourcesBuildPhase;
			buildActionMask = 2147483647;
			files = (
				0C1FDB9129CDB6E300E44560 /* BoxView.swift in Sources */,
				0C5CD89329BC9FC9001383E3 /* secondViewController.swift in Sources */,
				0C5CD88F29BC7B74001383E3 /* IconWithString.swift in Sources */,
				0C58CF8529C11C4300AC783B /* LocationViewController.swift in Sources */,
				0C909FB029BA1AF50084A1A1 /* MainViewController.swift in Sources */,
				0C909FAC29BA1AF50084A1A1 /* AppDelegate.swift in Sources */,
				0C909FDE29BA2B080084A1A1 /* WeatherData.swift in Sources */,
				0C909FAE29BA1AF50084A1A1 /* SceneDelegate.swift in Sources */,
				0C5CD89529BCA274001383E3 /* MyPageViewController.swift in Sources */,
				0C58CF8329C0BB3900AC783B /* ThirdViewController.swift in Sources */,
				0C58CF7F29C087A600AC783B /* DecodingTheWeatherString.swift in Sources */,
				0C58CF8129C0AFDE00AC783B /* DataBackgraundImage.swift in Sources */,
			);
			runOnlyForDeploymentPostprocessing = 0;
		};
		0C909FBA29BA1AF80084A1A1 /* Sources */ = {
			isa = PBXSourcesBuildPhase;
			buildActionMask = 2147483647;
			files = (
				0C909FC329BA1AF80084A1A1 /* WeatherAppTests.swift in Sources */,
			);
			runOnlyForDeploymentPostprocessing = 0;
		};
		0C909FC429BA1AF80084A1A1 /* Sources */ = {
			isa = PBXSourcesBuildPhase;
			buildActionMask = 2147483647;
			files = (
				0C909FCD29BA1AF80084A1A1 /* WeatherAppUITests.swift in Sources */,
				0C909FCF29BA1AF80084A1A1 /* WeatherAppUITestsLaunchTests.swift in Sources */,
			);
			runOnlyForDeploymentPostprocessing = 0;
		};
/* End PBXSourcesBuildPhase section */

/* Begin PBXTargetDependency section */
		0C909FC029BA1AF80084A1A1 /* PBXTargetDependency */ = {
			isa = PBXTargetDependency;
			target = 0C909FA729BA1AF50084A1A1 /* WeatherApp */;
			targetProxy = 0C909FBF29BA1AF80084A1A1 /* PBXContainerItemProxy */;
		};
		0C909FCA29BA1AF80084A1A1 /* PBXTargetDependency */ = {
			isa = PBXTargetDependency;
			target = 0C909FA729BA1AF50084A1A1 /* WeatherApp */;
			targetProxy = 0C909FC929BA1AF80084A1A1 /* PBXContainerItemProxy */;
		};
/* End PBXTargetDependency section */

/* Begin PBXVariantGroup section */
		0C909FB629BA1AF70084A1A1 /* LaunchScreen.storyboard */ = {
			isa = PBXVariantGroup;
			children = (
				0C909FB729BA1AF70084A1A1 /* Base */,
			);
			name = LaunchScreen.storyboard;
			sourceTree = "<group>";
		};
/* End PBXVariantGroup section */

/* Begin XCBuildConfiguration section */
		0C909FD029BA1AF80084A1A1 /* Debug */ = {
			isa = XCBuildConfiguration;
			buildSettings = {
				ALWAYS_SEARCH_USER_PATHS = NO;
				CLANG_ANALYZER_NONNULL = YES;
				CLANG_ANALYZER_NUMBER_OBJECT_CONVERSION = YES_AGGRESSIVE;
				CLANG_CXX_LANGUAGE_STANDARD = "gnu++20";
				CLANG_ENABLE_MODULES = YES;
				CLANG_ENABLE_OBJC_ARC = YES;
				CLANG_ENABLE_OBJC_WEAK = YES;
				CLANG_WARN_BLOCK_CAPTURE_AUTORELEASING = YES;
				CLANG_WARN_BOOL_CONVERSION = YES;
				CLANG_WARN_COMMA = YES;
				CLANG_WARN_CONSTANT_CONVERSION = YES;
				CLANG_WARN_DEPRECATED_OBJC_IMPLEMENTATIONS = YES;
				CLANG_WARN_DIRECT_OBJC_ISA_USAGE = YES_ERROR;
				CLANG_WARN_DOCUMENTATION_COMMENTS = YES;
				CLANG_WARN_EMPTY_BODY = YES;
				CLANG_WARN_ENUM_CONVERSION = YES;
				CLANG_WARN_INFINITE_RECURSION = YES;
				CLANG_WARN_INT_CONVERSION = YES;
				CLANG_WARN_NON_LITERAL_NULL_CONVERSION = YES;
				CLANG_WARN_OBJC_IMPLICIT_RETAIN_SELF = YES;
				CLANG_WARN_OBJC_LITERAL_CONVERSION = YES;
				CLANG_WARN_OBJC_ROOT_CLASS = YES_ERROR;
				CLANG_WARN_QUOTED_INCLUDE_IN_FRAMEWORK_HEADER = YES;
				CLANG_WARN_RANGE_LOOP_ANALYSIS = YES;
				CLANG_WARN_STRICT_PROTOTYPES = YES;
				CLANG_WARN_SUSPICIOUS_MOVE = YES;
				CLANG_WARN_UNGUARDED_AVAILABILITY = YES_AGGRESSIVE;
				CLANG_WARN_UNREACHABLE_CODE = YES;
				CLANG_WARN__DUPLICATE_METHOD_MATCH = YES;
				COPY_PHASE_STRIP = NO;
				DEBUG_INFORMATION_FORMAT = dwarf;
				ENABLE_STRICT_OBJC_MSGSEND = YES;
				ENABLE_TESTABILITY = YES;
				GCC_C_LANGUAGE_STANDARD = gnu11;
				GCC_DYNAMIC_NO_PIC = NO;
				GCC_NO_COMMON_BLOCKS = YES;
				GCC_OPTIMIZATION_LEVEL = 0;
				GCC_PREPROCESSOR_DEFINITIONS = (
					"DEBUG=1",
					"$(inherited)",
				);
				GCC_WARN_64_TO_32_BIT_CONVERSION = YES;
				GCC_WARN_ABOUT_RETURN_TYPE = YES_ERROR;
				GCC_WARN_UNDECLARED_SELECTOR = YES;
				GCC_WARN_UNINITIALIZED_AUTOS = YES_AGGRESSIVE;
				GCC_WARN_UNUSED_FUNCTION = YES;
				GCC_WARN_UNUSED_VARIABLE = YES;
				IPHONEOS_DEPLOYMENT_TARGET = 16.0;
				MTL_ENABLE_DEBUG_INFO = INCLUDE_SOURCE;
				MTL_FAST_MATH = YES;
				ONLY_ACTIVE_ARCH = YES;
				SDKROOT = iphoneos;
				SWIFT_ACTIVE_COMPILATION_CONDITIONS = DEBUG;
				SWIFT_OPTIMIZATION_LEVEL = "-Onone";
			};
			name = Debug;
		};
		0C909FD129BA1AF80084A1A1 /* Release */ = {
			isa = XCBuildConfiguration;
			buildSettings = {
				ALWAYS_SEARCH_USER_PATHS = NO;
				CLANG_ANALYZER_NONNULL = YES;
				CLANG_ANALYZER_NUMBER_OBJECT_CONVERSION = YES_AGGRESSIVE;
				CLANG_CXX_LANGUAGE_STANDARD = "gnu++20";
				CLANG_ENABLE_MODULES = YES;
				CLANG_ENABLE_OBJC_ARC = YES;
				CLANG_ENABLE_OBJC_WEAK = YES;
				CLANG_WARN_BLOCK_CAPTURE_AUTORELEASING = YES;
				CLANG_WARN_BOOL_CONVERSION = YES;
				CLANG_WARN_COMMA = YES;
				CLANG_WARN_CONSTANT_CONVERSION = YES;
				CLANG_WARN_DEPRECATED_OBJC_IMPLEMENTATIONS = YES;
				CLANG_WARN_DIRECT_OBJC_ISA_USAGE = YES_ERROR;
				CLANG_WARN_DOCUMENTATION_COMMENTS = YES;
				CLANG_WARN_EMPTY_BODY = YES;
				CLANG_WARN_ENUM_CONVERSION = YES;
				CLANG_WARN_INFINITE_RECURSION = YES;
				CLANG_WARN_INT_CONVERSION = YES;
				CLANG_WARN_NON_LITERAL_NULL_CONVERSION = YES;
				CLANG_WARN_OBJC_IMPLICIT_RETAIN_SELF = YES;
				CLANG_WARN_OBJC_LITERAL_CONVERSION = YES;
				CLANG_WARN_OBJC_ROOT_CLASS = YES_ERROR;
				CLANG_WARN_QUOTED_INCLUDE_IN_FRAMEWORK_HEADER = YES;
				CLANG_WARN_RANGE_LOOP_ANALYSIS = YES;
				CLANG_WARN_STRICT_PROTOTYPES = YES;
				CLANG_WARN_SUSPICIOUS_MOVE = YES;
				CLANG_WARN_UNGUARDED_AVAILABILITY = YES_AGGRESSIVE;
				CLANG_WARN_UNREACHABLE_CODE = YES;
				CLANG_WARN__DUPLICATE_METHOD_MATCH = YES;
				COPY_PHASE_STRIP = NO;
				DEBUG_INFORMATION_FORMAT = "dwarf-with-dsym";
				ENABLE_NS_ASSERTIONS = NO;
				ENABLE_STRICT_OBJC_MSGSEND = YES;
				GCC_C_LANGUAGE_STANDARD = gnu11;
				GCC_NO_COMMON_BLOCKS = YES;
				GCC_WARN_64_TO_32_BIT_CONVERSION = YES;
				GCC_WARN_ABOUT_RETURN_TYPE = YES_ERROR;
				GCC_WARN_UNDECLARED_SELECTOR = YES;
				GCC_WARN_UNINITIALIZED_AUTOS = YES_AGGRESSIVE;
				GCC_WARN_UNUSED_FUNCTION = YES;
				GCC_WARN_UNUSED_VARIABLE = YES;
				IPHONEOS_DEPLOYMENT_TARGET = 16.0;
				MTL_ENABLE_DEBUG_INFO = NO;
				MTL_FAST_MATH = YES;
				SDKROOT = iphoneos;
				SWIFT_COMPILATION_MODE = wholemodule;
				SWIFT_OPTIMIZATION_LEVEL = "-O";
				VALIDATE_PRODUCT = YES;
			};
			name = Release;
		};
		0C909FD329BA1AF80084A1A1 /* Debug */ = {
			isa = XCBuildConfiguration;
			baseConfigurationReference = 5EBDCFB571E482EE32D1E958 /* Pods-WeatherApp.debug.xcconfig */;
			buildSettings = {
				ASSETCATALOG_COMPILER_APPICON_NAME = AppIcon;
				ASSETCATALOG_COMPILER_GLOBAL_ACCENT_COLOR_NAME = AccentColor;
				CODE_SIGN_STYLE = Automatic;
				CURRENT_PROJECT_VERSION = 1;
				DEVELOPMENT_TEAM = KHYY32KSS7;
				GENERATE_INFOPLIST_FILE = YES;
				INFOPLIST_FILE = Resources/Info.plist;
				INFOPLIST_KEY_UIApplicationSupportsIndirectInputEvents = YES;
				INFOPLIST_KEY_UILaunchStoryboardName = LaunchScreen;
				INFOPLIST_KEY_UIMainStoryboardFile = "";
				INFOPLIST_KEY_UISupportedInterfaceOrientations_iPad = "UIInterfaceOrientationPortrait UIInterfaceOrientationPortraitUpsideDown UIInterfaceOrientationLandscapeLeft UIInterfaceOrientationLandscapeRight";
				INFOPLIST_KEY_UISupportedInterfaceOrientations_iPhone = "UIInterfaceOrientationPortrait UIInterfaceOrientationLandscapeLeft UIInterfaceOrientationLandscapeRight";
				LD_RUNPATH_SEARCH_PATHS = (
					"$(inherited)",
					"@executable_path/Frameworks",
				);
				MARKETING_VERSION = 1.0;
				PRODUCT_BUNDLE_IDENTIFIER = com.ruslandalgatov.WeatherApp;
				PRODUCT_NAME = "$(TARGET_NAME)";
				SWIFT_EMIT_LOC_STRINGS = YES;
				SWIFT_VERSION = 5.0;
				TARGETED_DEVICE_FAMILY = "1,2";
			};
			name = Debug;
		};
		0C909FD429BA1AF80084A1A1 /* Release */ = {
			isa = XCBuildConfiguration;
			baseConfigurationReference = 1E763AB2B84874952219531A /* Pods-WeatherApp.release.xcconfig */;
			buildSettings = {
				ASSETCATALOG_COMPILER_APPICON_NAME = AppIcon;
				ASSETCATALOG_COMPILER_GLOBAL_ACCENT_COLOR_NAME = AccentColor;
				CODE_SIGN_STYLE = Automatic;
				CURRENT_PROJECT_VERSION = 1;
				DEVELOPMENT_TEAM = KHYY32KSS7;
				GENERATE_INFOPLIST_FILE = YES;
				INFOPLIST_FILE = Resources/Info.plist;
				INFOPLIST_KEY_UIApplicationSupportsIndirectInputEvents = YES;
				INFOPLIST_KEY_UILaunchStoryboardName = LaunchScreen;
				INFOPLIST_KEY_UIMainStoryboardFile = "";
				INFOPLIST_KEY_UISupportedInterfaceOrientations_iPad = "UIInterfaceOrientationPortrait UIInterfaceOrientationPortraitUpsideDown UIInterfaceOrientationLandscapeLeft UIInterfaceOrientationLandscapeRight";
				INFOPLIST_KEY_UISupportedInterfaceOrientations_iPhone = "UIInterfaceOrientationPortrait UIInterfaceOrientationLandscapeLeft UIInterfaceOrientationLandscapeRight";
				LD_RUNPATH_SEARCH_PATHS = (
					"$(inherited)",
					"@executable_path/Frameworks",
				);
				MARKETING_VERSION = 1.0;
				PRODUCT_BUNDLE_IDENTIFIER = com.ruslandalgatov.WeatherApp;
				PRODUCT_NAME = "$(TARGET_NAME)";
				SWIFT_EMIT_LOC_STRINGS = YES;
				SWIFT_VERSION = 5.0;
				TARGETED_DEVICE_FAMILY = "1,2";
			};
			name = Release;
		};
		0C909FD629BA1AF80084A1A1 /* Debug */ = {
			isa = XCBuildConfiguration;
			baseConfigurationReference = 6989A2814A936B562D54759D /* Pods-WeatherAppTests.debug.xcconfig */;
			buildSettings = {
				ALWAYS_EMBED_SWIFT_STANDARD_LIBRARIES = YES;
				BUNDLE_LOADER = "$(TEST_HOST)";
				CODE_SIGN_STYLE = Automatic;
				CURRENT_PROJECT_VERSION = 1;
				DEVELOPMENT_TEAM = KHYY32KSS7;
				GENERATE_INFOPLIST_FILE = YES;
				IPHONEOS_DEPLOYMENT_TARGET = 16.0;
				MARKETING_VERSION = 1.0;
				PRODUCT_BUNDLE_IDENTIFIER = com.ruslandalgatov.WeatherAppTests;
				PRODUCT_NAME = "$(TARGET_NAME)";
				SWIFT_EMIT_LOC_STRINGS = NO;
				SWIFT_VERSION = 5.0;
				TARGETED_DEVICE_FAMILY = "1,2";
				TEST_HOST = "$(BUILT_PRODUCTS_DIR)/WeatherApp.app/$(BUNDLE_EXECUTABLE_FOLDER_PATH)/WeatherApp";
			};
			name = Debug;
		};
		0C909FD729BA1AF80084A1A1 /* Release */ = {
			isa = XCBuildConfiguration;
			baseConfigurationReference = CE90711A9ABC6308CD0BE9B4 /* Pods-WeatherAppTests.release.xcconfig */;
			buildSettings = {
				ALWAYS_EMBED_SWIFT_STANDARD_LIBRARIES = YES;
				BUNDLE_LOADER = "$(TEST_HOST)";
				CODE_SIGN_STYLE = Automatic;
				CURRENT_PROJECT_VERSION = 1;
				DEVELOPMENT_TEAM = KHYY32KSS7;
				GENERATE_INFOPLIST_FILE = YES;
				IPHONEOS_DEPLOYMENT_TARGET = 16.0;
				MARKETING_VERSION = 1.0;
				PRODUCT_BUNDLE_IDENTIFIER = com.ruslandalgatov.WeatherAppTests;
				PRODUCT_NAME = "$(TARGET_NAME)";
				SWIFT_EMIT_LOC_STRINGS = NO;
				SWIFT_VERSION = 5.0;
				TARGETED_DEVICE_FAMILY = "1,2";
				TEST_HOST = "$(BUILT_PRODUCTS_DIR)/WeatherApp.app/$(BUNDLE_EXECUTABLE_FOLDER_PATH)/WeatherApp";
			};
			name = Release;
		};
		0C909FD929BA1AF80084A1A1 /* Debug */ = {
			isa = XCBuildConfiguration;
			baseConfigurationReference = 16B5735A622D901FBBFE9BBE /* Pods-WeatherApp-WeatherAppUITests.debug.xcconfig */;
			buildSettings = {
				ALWAYS_EMBED_SWIFT_STANDARD_LIBRARIES = YES;
				CODE_SIGN_STYLE = Automatic;
				CURRENT_PROJECT_VERSION = 1;
				DEVELOPMENT_TEAM = KHYY32KSS7;
				GENERATE_INFOPLIST_FILE = YES;
				MARKETING_VERSION = 1.0;
				PRODUCT_BUNDLE_IDENTIFIER = com.ruslandalgatov.WeatherAppUITests;
				PRODUCT_NAME = "$(TARGET_NAME)";
				SWIFT_EMIT_LOC_STRINGS = NO;
				SWIFT_VERSION = 5.0;
				TARGETED_DEVICE_FAMILY = "1,2";
				TEST_TARGET_NAME = WeatherApp;
			};
			name = Debug;
		};
		0C909FDA29BA1AF80084A1A1 /* Release */ = {
			isa = XCBuildConfiguration;
			baseConfigurationReference = 74FA6CEA13022DE84CFCAA81 /* Pods-WeatherApp-WeatherAppUITests.release.xcconfig */;
			buildSettings = {
				ALWAYS_EMBED_SWIFT_STANDARD_LIBRARIES = YES;
				CODE_SIGN_STYLE = Automatic;
				CURRENT_PROJECT_VERSION = 1;
				DEVELOPMENT_TEAM = KHYY32KSS7;
				GENERATE_INFOPLIST_FILE = YES;
				MARKETING_VERSION = 1.0;
				PRODUCT_BUNDLE_IDENTIFIER = com.ruslandalgatov.WeatherAppUITests;
				PRODUCT_NAME = "$(TARGET_NAME)";
				SWIFT_EMIT_LOC_STRINGS = NO;
				SWIFT_VERSION = 5.0;
				TARGETED_DEVICE_FAMILY = "1,2";
				TEST_TARGET_NAME = WeatherApp;
			};
			name = Release;
		};
/* End XCBuildConfiguration section */

/* Begin XCConfigurationList section */
		0C909FA329BA1AF50084A1A1 /* Build configuration list for PBXProject "WeatherApp" */ = {
			isa = XCConfigurationList;
			buildConfigurations = (
				0C909FD029BA1AF80084A1A1 /* Debug */,
				0C909FD129BA1AF80084A1A1 /* Release */,
			);
			defaultConfigurationIsVisible = 0;
			defaultConfigurationName = Release;
		};
		0C909FD229BA1AF80084A1A1 /* Build configuration list for PBXNativeTarget "WeatherApp" */ = {
			isa = XCConfigurationList;
			buildConfigurations = (
				0C909FD329BA1AF80084A1A1 /* Debug */,
				0C909FD429BA1AF80084A1A1 /* Release */,
			);
			defaultConfigurationIsVisible = 0;
			defaultConfigurationName = Release;
		};
		0C909FD529BA1AF80084A1A1 /* Build configuration list for PBXNativeTarget "WeatherAppTests" */ = {
			isa = XCConfigurationList;
			buildConfigurations = (
				0C909FD629BA1AF80084A1A1 /* Debug */,
				0C909FD729BA1AF80084A1A1 /* Release */,
			);
			defaultConfigurationIsVisible = 0;
			defaultConfigurationName = Release;
		};
		0C909FD829BA1AF80084A1A1 /* Build configuration list for PBXNativeTarget "WeatherAppUITests" */ = {
			isa = XCConfigurationList;
			buildConfigurations = (
				0C909FD929BA1AF80084A1A1 /* Debug */,
				0C909FDA29BA1AF80084A1A1 /* Release */,
			);
			defaultConfigurationIsVisible = 0;
			defaultConfigurationName = Release;
		};
/* End XCConfigurationList section */
	};
	rootObject = 0C909FA029BA1AF50084A1A1 /* Project object */;
}
